
Microsoft Visual Studio Solution File, Format Version 12.00
# Visual Studio Version 16
VisualStudioVersion = 16.0.29215.179
MinimumVisualStudioVersion = 10.0.40219.1
Project("{FAE04EC0-301F-11D3-BF4B-00C04F79EFBC}") = "LogoProject1", "LogoProject1\LogoProject1.csproj", "{3C498F39-9043-4660-8AAC-166FD75A9C0D}"
EndProject
Global
	GlobalSection(SolutionConfigurationPlatforms) = preSolution
		Debug|Any CPU = Debug|Any CPU
		Release|Any CPU = Release|Any CPU
	EndGlobalSection
	GlobalSection(ProjectConfigurationPlatforms) = postSolution
		{3C498F39-9043-4660-8AAC-166FD75A9C0D}.Debug|Any CPU.ActiveCfg = Debug|Any CPU
		{3C498F39-9043-4660-8AAC-166FD75A9C0D}.Debug|Any CPU.Build.0 = Debug|Any CPU
		{3C498F39-9043-4660-8AAC-166FD75A9C0D}.Release|Any CPU.ActiveCfg = Release|Any CPU
		{3C498F39-9043-4660-8AAC-166FD75A9C0D}.Release|Any CPU.Build.0 = Release|Any CPU
	EndGlobalSection
	GlobalSection(SolutionProperties) = preSolution
		HideSolutionNode = FALSE
	EndGlobalSection
	GlobalSection(ExtensibilityGlobals) = postSolution
		SolutionGuid = {C10F9C2A-3C71-427F-8344-28C6F2559F92}
	EndGlobalSection
EndGlobal
